
Microsoft Visual Studio Solution File, Format Version 12.00
# Visual Studio 15
VisualStudioVersion = 15.0.27703.2000
MinimumVisualStudioVersion = 10.0.40219.1
Project("{8BC9CEB8-8B4A-11D0-8D11-00A0C91BC942}") = "CPP_Project_2018", "CPP_Project_2018\CPP_Project_2018.vcxproj", "{96C0B17B-79D9-401E-A0CD-34F50A736139}"
EndProject
Project("{F088123C-0E9E-452A-89E6-6BA2F21D5CAC}") = "DependencyValidation1", "DependencyValidation1\DependencyValidation1.modelproj", "{216B2160-E342-4573-B207-3466CAE7548B}"
EndProject
Global
	GlobalSection(SolutionConfigurationPlatforms) = preSolution
		Debug|Any CPU = Debug|Any CPU
		Debug|x64 = Debug|x64
		Debug|x86 = Debug|x86
		Release|Any CPU = Release|Any CPU
		Release|x64 = Release|x64
		Release|x86 = Release|x86
	EndGlobalSection
	GlobalSection(ProjectConfigurationPlatforms) = postSolution
		{96C0B17B-79D9-401E-A0CD-34F50A736139}.Debug|Any CPU.ActiveCfg = Debug|Win32
		{96C0B17B-79D9-401E-A0CD-34F50A736139}.Debug|x64.ActiveCfg = Debug|x64
		{96C0B17B-79D9-401E-A0CD-34F50A736139}.Debug|x64.Build.0 = Debug|x64
		{96C0B17B-79D9-401E-A0CD-34F50A736139}.Debug|x86.ActiveCfg = Debug|Win32
		{96C0B17B-79D9-401E-A0CD-34F50A736139}.Debug|x86.Build.0 = Debug|Win32
		{96C0B17B-79D9-401E-A0CD-34F50A736139}.Release|Any CPU.ActiveCfg = Release|Win32
		{96C0B17B-79D9-401E-A0CD-34F50A736139}.Release|x64.ActiveCfg = Release|x64
		{96C0B17B-79D9-401E-A0CD-34F50A736139}.Release|x64.Build.0 = Release|x64
		{96C0B17B-79D9-401E-A0CD-34F50A736139}.Release|x86.ActiveCfg = Release|Win32
		{96C0B17B-79D9-401E-A0CD-34F50A736139}.Release|x86.Build.0 = Release|Win32
		{216B2160-E342-4573-B207-3466CAE7548B}.Debug|Any CPU.ActiveCfg = Debug|Any CPU
		{216B2160-E342-4573-B207-3466CAE7548B}.Debug|Any CPU.Build.0 = Debug|Any CPU
		{216B2160-E342-4573-B207-3466CAE7548B}.Debug|x64.ActiveCfg = Debug|Any CPU
		{216B2160-E342-4573-B207-3466CAE7548B}.Debug|x64.Build.0 = Debug|Any CPU
		{216B2160-E342-4573-B207-3466CAE7548B}.Debug|x86.ActiveCfg = Debug|Any CPU
		{216B2160-E342-4573-B207-3466CAE7548B}.Debug|x86.Build.0 = Debug|Any CPU
		{216B2160-E342-4573-B207-3466CAE7548B}.Release|Any CPU.ActiveCfg = Release|Any CPU
		{216B2160-E342-4573-B207-3466CAE7548B}.Release|Any CPU.Build.0 = Release|Any CPU
		{216B2160-E342-4573-B207-3466CAE7548B}.Release|x64.ActiveCfg = Release|Any CPU
		{216B2160-E342-4573-B207-3466CAE7548B}.Release|x64.Build.0 = Release|Any CPU
		{216B2160-E342-4573-B207-3466CAE7548B}.Release|x86.ActiveCfg = Release|Any CPU
		{216B2160-E342-4573-B207-3466CAE7548B}.Release|x86.Build.0 = Release|Any CPU
	EndGlobalSection
	GlobalSection(SolutionProperties) = preSolution
		HideSolutionNode = FALSE
	EndGlobalSection
	GlobalSection(ExtensibilityGlobals) = postSolution
		SolutionGuid = {43F30C99-C0A7-47EE-A759-F6E3877A94FE}
	EndGlobalSection
EndGlobal
